// !$*UTF8*$!
{
	archiveVersion = 1;
	classes = {
	};
	objectVersion = 50;
	objects = {

/* Begin PBXBuildFile section */
		6FCC7CCC2133A84E00A9839B /* AppDelegate.swift in Sources */ = {isa = PBXBuildFile; fileRef = 6FCC7CCB2133A84E00A9839B /* AppDelegate.swift */; };
		6FCC7CCE2133A84E00A9839B /* ViewController.swift in Sources */ = {isa = PBXBuildFile; fileRef = 6FCC7CCD2133A84E00A9839B /* ViewController.swift */; };
		6FCC7CD12133A84E00A9839B /* Main.storyboard in Resources */ = {isa = PBXBuildFile; fileRef = 6FCC7CCF2133A84E00A9839B /* Main.storyboard */; };
		6FCC7CD42133A84E00A9839B /* Login_Sample.xcdatamodeld in Sources */ = {isa = PBXBuildFile; fileRef = 6FCC7CD22133A84E00A9839B /* Login_Sample.xcdatamodeld */; };
		6FCC7CD62133A85100A9839B /* Assets.xcassets in Resources */ = {isa = PBXBuildFile; fileRef = 6FCC7CD52133A85100A9839B /* Assets.xcassets */; };
		6FCC7CD92133A85100A9839B /* LaunchScreen.storyboard in Resources */ = {isa = PBXBuildFile; fileRef = 6FCC7CD72133A85100A9839B /* LaunchScreen.storyboard */; };
/* End PBXBuildFile section */

/* Begin PBXFileReference section */
		6FCC7CC82133A84E00A9839B /* Login_Sample.app */ = {isa = PBXFileReference; explicitFileType = wrapper.application; includeInIndex = 0; path = Login_Sample.app; sourceTree = BUILT_PRODUCTS_DIR; };
		6FCC7CCB2133A84E00A9839B /* AppDelegate.swift */ = {isa = PBXFileReference; lastKnownFileType = sourcecode.swift; path = AppDelegate.swift; sourceTree = "<group>"; };
		6FCC7CCD2133A84E00A9839B /* ViewController.swift */ = {isa = PBXFileReference; lastKnownFileType = sourcecode.swift; path = ViewController.swift; sourceTree = "<group>"; };
		6FCC7CD02133A84E00A9839B /* Base */ = {isa = PBXFileReference; lastKnownFileType = file.storyboard; name = Base; path = Base.lproj/Main.storyboard; sourceTree = "<group>"; };
		6FCC7CD32133A84E00A9839B /* Login_Sample.xcdatamodel */ = {isa = PBXFileReference; lastKnownFileType = wrapper.xcdatamodel; path = Login_Sample.xcdatamodel; sourceTree = "<group>"; };
		6FCC7CD52133A85100A9839B /* Assets.xcassets */ = {isa = PBXFileReference; lastKnownFileType = folder.assetcatalog; path = Assets.xcassets; sourceTree = "<group>"; };
		6FCC7CD82133A85100A9839B /* Base */ = {isa = PBXFileReference; lastKnownFileType = file.storyboard; name = Base; path = Base.lproj/LaunchScreen.storyboard; sourceTree = "<group>"; };
		6FCC7CDA2133A85100A9839B /* Info.plist */ = {isa = PBXFileReference; lastKnownFileType = text.plist.xml; path = Info.plist; sourceTree = "<group>"; };
/* End PBXFileReference section */

/* Begin PBXFrameworksBuildPhase section */
		6FCC7CC52133A84E00A9839B /* Frameworks */ = {
			isa = PBXFrameworksBuildPhase;
			buildActionMask = 2147483647;
			files = (
			);
			runOnlyForDeploymentPostprocessing = 0;
		};
/* End PBXFrameworksBuildPhase section */

/* Begin PBXGroup section */
		6FCC7CBF2133A84E00A9839B = {
			isa = PBXGroup;
			children = (
				6FCC7CCA2133A84E00A9839B /* Login_Sample */,
				6FCC7CC92133A84E00A9839B /* Products */,
			);
			sourceTree = "<group>";
		};
		6FCC7CC92133A84E00A9839B /* Products */ = {
			isa = PBXGroup;
			children = (
				6FCC7CC82133A84E00A9839B /* Login_Sample.app */,
			);
			name = Products;
			sourceTree = "<group>";
		};
		6FCC7CCA2133A84E00A9839B /* Login_Sample */ = {
			isa = PBXGroup;
			children = (
				6FCC7CCB2133A84E00A9839B /* AppDelegate.swift */,
				6FCC7CCD2133A84E00A9839B /* ViewController.swift */,
				6FCC7CCF2133A84E00A9839B /* Main.storyboard */,
				6FCC7CD52133A85100A9839B /* Assets.xcassets */,
				6FCC7CD72133A85100A9839B /* LaunchScreen.storyboard */,
				6FCC7CDA2133A85100A9839B /* Info.plist */,
				6FCC7CD22133A84E00A9839B /* Login_Sample.xcdatamodeld */,
			);
			path = Login_Sample;
			sourceTree = "<group>";
		};
/* End PBXGroup section */

/* Begin PBXNativeTarget section */
		6FCC7CC72133A84E00A9839B /* Login_Sample */ = {
			isa = PBXNativeTarget;
			buildConfigurationList = 6FCC7CDD2133A85100A9839B /* Build configuration list for PBXNativeTarget "Login_Sample" */;
			buildPhases = (
				6FCC7CC42133A84E00A9839B /* Sources */,
				6FCC7CC52133A84E00A9839B /* Frameworks */,
				6FCC7CC62133A84E00A9839B /* Resources */,
			);
			buildRules = (
			);
			dependencies = (
			);
			name = Login_Sample;
			productName = Login_Sample;
			productReference = 6FCC7CC82133A84E00A9839B /* Login_Sample.app */;
			productType = "com.apple.product-type.application";
		};
/* End PBXNativeTarget section */

/* Begin PBXProject section */
		6FCC7CC02133A84E00A9839B /* Project object */ = {
			isa = PBXProject;
			attributes = {
				LastSwiftUpdateCheck = 0940;
				LastUpgradeCheck = 0940;
				ORGANIZATIONNAME = RoxAI;
				TargetAttributes = {
					6FCC7CC72133A84E00A9839B = {
						CreatedOnToolsVersion = 9.4;
					};
				};
			};
			buildConfigurationList = 6FCC7CC32133A84E00A9839B /* Build configuration list for PBXProject "Login_Sample" */;
			compatibilityVersion = "Xcode 9.3";
			developmentRegion = en;
			hasScannedForEncodings = 0;
			knownRegions = (
				en,
				Base,
			);
			mainGroup = 6FCC7CBF2133A84E00A9839B;
			productRefGroup = 6FCC7CC92133A84E00A9839B /* Products */;
			projectDirPath = "";
			projectRoot = "";
			targets = (
				6FCC7CC72133A84E00A9839B /* Login_Sample */,
			);
		};
/* End PBXProject section */

/* Begin PBXResourcesBuildPhase section */
		6FCC7CC62133A84E00A9839B /* Resources */ = {
			isa = PBXResourcesBuildPhase;
			buildActionMask = 2147483647;
			files = (
				6FCC7CD92133A85100A9839B /* LaunchScreen.storyboard in Resources */,
				6FCC7CD62133A85100A9839B /* Assets.xcassets in Resources */,
				6FCC7CD12133A84E00A9839B /* Main.storyboard in Resources */,
			);
			runOnlyForDeploymentPostprocessing = 0;
		};
/* End PBXResourcesBuildPhase section */

/* Begin PBXSourcesBuildPhase section */
		6FCC7CC42133A84E00A9839B /* Sources */ = {
			isa = PBXSourcesBuildPhase;
			buildActionMask = 2147483647;
			files = (
				6FCC7CCE2133A84E00A9839B /* ViewController.swift in Sources */,
				6FCC7CD42133A84E00A9839B /* Login_Sample.xcdatamodeld in Sources */,
				6FCC7CCC2133A84E00A9839B /* AppDelegate.swift in Sources */,
			);
			runOnlyForDeploymentPostprocessing = 0;
		};
/* End PBXSourcesBuildPhase section */

/* Begin PBXVariantGroup section */
		6FCC7CCF2133A84E00A9839B /* Main.storyboard */ = {
			isa = PBXVariantGroup;
			children = (
				6FCC7CD02133A84E00A9839B /* Base */,
			);
			name = Main.storyboard;
			sourceTree = "<group>";
		};
		6FCC7CD72133A85100A9839B /* LaunchScreen.storyboard */ = {
			isa = PBXVariantGroup;
			children = (
				6FCC7CD82133A85100A9839B /* Base */,
			);
			name = LaunchScreen.storyboard;
			sourceTree = "<group>";
		};
/* End PBXVariantGroup section */

/* Begin XCBuildConfiguration section */
		6FCC7CDB2133A85100A9839B /* Debug */ = {
			isa = XCBuildConfiguration;
			buildSettings = {
				ALWAYS_SEARCH_USER_PATHS = NO;
				CLANG_ANALYZER_NONNULL = YES;
				CLANG_ANALYZER_NUMBER_OBJECT_CONVERSION = YES_AGGRESSIVE;
				CLANG_CXX_LANGUAGE_STANDARD = "gnu++14";
				CLANG_CXX_LIBRARY = "libc++";
				CLANG_ENABLE_MODULES = YES;
				CLANG_ENABLE_OBJC_ARC = YES;
				CLANG_ENABLE_OBJC_WEAK = YES;
				CLANG_WARN_BLOCK_CAPTURE_AUTORELEASING = YES;
				CLANG_WARN_BOOL_CONVERSION = YES;
				CLANG_WARN_COMMA = YES;
				CLANG_WARN_CONSTANT_CONVERSION = YES;
				CLANG_WARN_DEPRECATED_OBJC_IMPLEMENTATIONS = YES;
				CLANG_WARN_DIRECT_OBJC_ISA_USAGE = YES_ERROR;
				CLANG_WARN_DOCUMENTATION_COMMENTS = YES;
				CLANG_WARN_EMPTY_BODY = YES;
				CLANG_WARN_ENUM_CONVERSION = YES;
				CLANG_WARN_INFINITE_RECURSION = YES;
				CLANG_WARN_INT_CONVERSION = YES;
				CLANG_WARN_NON_LITERAL_NULL_CONVERSION = YES;
				CLANG_WARN_OBJC_IMPLICIT_RETAIN_SELF = YES;
				CLANG_WARN_OBJC_LITERAL_CONVERSION = YES;
				CLANG_WARN_OBJC_ROOT_CLASS = YES_ERROR;
				CLANG_WARN_RANGE_LOOP_ANALYSIS = YES;
				CLANG_WARN_STRICT_PROTOTYPES = YES;
				CLANG_WARN_SUSPICIOUS_MOVE = YES;
				CLANG_WARN_UNGUARDED_AVAILABILITY = YES_AGGRESSIVE;
				CLANG_WARN_UNREACHABLE_CODE = YES;
				CLANG_WARN__DUPLICATE_METHOD_MATCH = YES;
				CODE_SIGN_IDENTITY = "iPhone Developer";
				COPY_PHASE_STRIP = NO;
				DEBUG_INFORMATION_FORMAT = dwarf;
				ENABLE_STRICT_OBJC_MSGSEND = YES;
				ENABLE_TESTABILITY = YES;
				GCC_C_LANGUAGE_STANDARD = gnu11;
				GCC_DYNAMIC_NO_PIC = NO;
				GCC_NO_COMMON_BLOCKS = YES;
				GCC_OPTIMIZATION_LEVEL = 0;
				GCC_PREPROCESSOR_DEFINITIONS = (
					"DEBUG=1",
					"$(inherited)",
				);
				GCC_WARN_64_TO_32_BIT_CONVERSION = YES;
				GCC_WARN_ABOUT_RETURN_TYPE = YES_ERROR;
				GCC_WARN_UNDECLARED_SELECTOR = YES;
				GCC_WARN_UNINITIALIZED_AUTOS = YES_AGGRESSIVE;
				GCC_WARN_UNUSED_FUNCTION = YES;
				GCC_WARN_UNUSED_VARIABLE = YES;
				IPHONEOS_DEPLOYMENT_TARGET = 11.4;
				MTL_ENABLE_DEBUG_INFO = YES;
				ONLY_ACTIVE_ARCH = YES;
				SDKROOT = iphoneos;
				SWIFT_ACTIVE_COMPILATION_CONDITIONS = DEBUG;
				SWIFT_OPTIMIZATION_LEVEL = "-Onone";
			};
			name = Debug;
		};
		6FCC7CDC2133A85100A9839B /* Release */ = {
			isa = XCBuildConfiguration;
			buildSettings = {
				ALWAYS_SEARCH_USER_PATHS = NO;
				CLANG_ANALYZER_NONNULL = YES;
				CLANG_ANALYZER_NUMBER_OBJECT_CONVERSION = YES_AGGRESSIVE;
				CLANG_CXX_LANGUAGE_STANDARD = "gnu++14";
				CLANG_CXX_LIBRARY = "libc++";
				CLANG_ENABLE_MODULES = YES;
				CLANG_ENABLE_OBJC_ARC = YES;
				CLANG_ENABLE_OBJC_WEAK = YES;
				CLANG_WARN_BLOCK_CAPTURE_AUTORELEASING = YES;
				CLANG_WARN_BOOL_CONVERSION = YES;
				CLANG_WARN_COMMA = YES;
				CLANG_WARN_CONSTANT_CONVERSION = YES;
				CLANG_WARN_DEPRECATED_OBJC_IMPLEMENTATIONS = YES;
				CLANG_WARN_DIRECT_OBJC_ISA_USAGE = YES_ERROR;
				CLANG_WARN_DOCUMENTATION_COMMENTS = YES;
				CLANG_WARN_EMPTY_BODY = YES;
				CLANG_WARN_ENUM_CONVERSION = YES;
				CLANG_WARN_INFINITE_RECURSION = YES;
				CLANG_WARN_INT_CONVERSION = YES;
				CLANG_WARN_NON_LITERAL_NULL_CONVERSION = YES;
				CLANG_WARN_OBJC_IMPLICIT_RETAIN_SELF = YES;
				CLANG_WARN_OBJC_LITERAL_CONVERSION = YES;
				CLANG_WARN_OBJC_ROOT_CLASS = YES_ERROR;
				CLANG_WARN_RANGE_LOOP_ANALYSIS = YES;
				CLANG_WARN_STRICT_PROTOTYPES = YES;
				CLANG_WARN_SUSPICIOUS_MOVE = YES;
				CLANG_WARN_UNGUARDED_AVAILABILITY = YES_AGGRESSIVE;
				CLANG_WARN_UNREACHABLE_CODE = YES;
				CLANG_WARN__DUPLICATE_METHOD_MATCH = YES;
				CODE_SIGN_IDENTITY = "iPhone Developer";
				COPY_PHASE_STRIP = NO;
				DEBUG_INFORMATION_FORMAT = "dwarf-with-dsym";
				ENABLE_NS_ASSERTIONS = NO;
				ENABLE_STRICT_OBJC_MSGSEND = YES;
				GCC_C_LANGUAGE_STANDARD = gnu11;
				GCC_NO_COMMON_BLOCKS = YES;
				GCC_WARN_64_TO_32_BIT_CONVERSION = YES;
				GCC_WARN_ABOUT_RETURN_TYPE = YES_ERROR;
				GCC_WARN_UNDECLARED_SELECTOR = YES;
				GCC_WARN_UNINITIALIZED_AUTOS = YES_AGGRESSIVE;
				GCC_WARN_UNUSED_FUNCTION = YES;
				GCC_WARN_UNUSED_VARIABLE = YES;
				IPHONEOS_DEPLOYMENT_TARGET = 11.4;
				MTL_ENABLE_DEBUG_INFO = NO;
				SDKROOT = iphoneos;
				SWIFT_COMPILATION_MODE = wholemodule;
				SWIFT_OPTIMIZATION_LEVEL = "-O";
				VALIDATE_PRODUCT = YES;
			};
			name = Release;
		};
		6FCC7CDE2133A85100A9839B /* Debug */ = {
			isa = XCBuildConfiguration;
			buildSettings = {
				ASSETCATALOG_COMPILER_APPICON_NAME = AppIcon;
				CODE_SIGN_STYLE = Automatic;
				DEVELOPMENT_TEAM = 73X84F6XGP;
				INFOPLIST_FILE = Login_Sample/Info.plist;
				LD_RUNPATH_SEARCH_PATHS = (
					"$(inherited)",
					"@executable_path/Frameworks",
				);
				PRODUCT_BUNDLE_IDENTIFIER = "com.roxai.Login-Sample";
				PRODUCT_NAME = "$(TARGET_NAME)";
				SWIFT_VERSION = 4.0;
				TARGETED_DEVICE_FAMILY = "1,2";
			};
			name = Debug;
		};
		6FCC7CDF2133A85100A9839B /* Release */ = {
			isa = XCBuildConfiguration;
			buildSettings = {
				ASSETCATALOG_COMPILER_APPICON_NAME = AppIcon;
				CODE_SIGN_STYLE = Automatic;
				DEVELOPMENT_TEAM = 73X84F6XGP;
				INFOPLIST_FILE = Login_Sample/Info.plist;
				LD_RUNPATH_SEARCH_PATHS = (
					"$(inherited)",
					"@executable_path/Frameworks",
				);
				PRODUCT_BUNDLE_IDENTIFIER = "com.roxai.Login-Sample";
				PRODUCT_NAME = "$(TARGET_NAME)";
				SWIFT_VERSION = 4.0;
				TARGETED_DEVICE_FAMILY = "1,2";
			};
			name = Release;
		};
/* End XCBuildConfiguration section */

/* Begin XCConfigurationList section */
		6FCC7CC32133A84E00A9839B /* Build configuration list for PBXProject "Login_Sample" */ = {
			isa = XCConfigurationList;
			buildConfigurations = (
				6FCC7CDB2133A85100A9839B /* Debug */,
				6FCC7CDC2133A85100A9839B /* Release */,
			);
			defaultConfigurationIsVisible = 0;
			defaultConfigurationName = Release;
		};
		6FCC7CDD2133A85100A9839B /* Build configuration list for PBXNativeTarget "Login_Sample" */ = {
			isa = XCConfigurationList;
			buildConfigurations = (
				6FCC7CDE2133A85100A9839B /* Debug */,
				6FCC7CDF2133A85100A9839B /* Release */,
			);
			defaultConfigurationIsVisible = 0;
			defaultConfigurationName = Release;
		};
/* End XCConfigurationList section */

/* Begin XCVersionGroup section */
		6FCC7CD22133A84E00A9839B /* Login_Sample.xcdatamodeld */ = {
			isa = XCVersionGroup;
			children = (
				6FCC7CD32133A84E00A9839B /* Login_Sample.xcdatamodel */,
			);
			currentVersion = 6FCC7CD32133A84E00A9839B /* Login_Sample.xcdatamodel */;
			path = Login_Sample.xcdatamodeld;
			sourceTree = "<group>";
			versionGroupType = wrapper.xcdatamodel;
		};
/* End XCVersionGroup section */
	};
	rootObject = 6FCC7CC02133A84E00A9839B /* Project object */;
}
